
Microsoft Visual Studio Solution File, Format Version 12.00
# Visual Studio Version 16
VisualStudioVersion = 16.0.31727.386
MinimumVisualStudioVersion = 10.0.40219.1
Project("{8BC9CEB8-8B4A-11D0-8D11-00A0C91BC942}") = "22_10_21_zadanie_2", "22_10_21_zadanie_2\22_10_21_zadanie_2.vcxproj", "{2101AE23-78A7-492F-967B-42D4EEC26F9C}"
EndProject
Global
	GlobalSection(SolutionConfigurationPlatforms) = preSolution
		Debug|x64 = Debug|x64
		Debug|x86 = Debug|x86
		Release|x64 = Release|x64
		Release|x86 = Release|x86
	EndGlobalSection
	GlobalSection(ProjectConfigurationPlatforms) = postSolution
		{2101AE23-78A7-492F-967B-42D4EEC26F9C}.Debug|x64.ActiveCfg = Debug|x64
		{2101AE23-78A7-492F-967B-42D4EEC26F9C}.Debug|x64.Build.0 = Debug|x64
		{2101AE23-78A7-492F-967B-42D4EEC26F9C}.Debug|x86.ActiveCfg = Debug|Win32
		{2101AE23-78A7-492F-967B-42D4EEC26F9C}.Debug|x86.Build.0 = Debug|Win32
		{2101AE23-78A7-492F-967B-42D4EEC26F9C}.Release|x64.ActiveCfg = Release|x64
		{2101AE23-78A7-492F-967B-42D4EEC26F9C}.Release|x64.Build.0 = Release|x64
		{2101AE23-78A7-492F-967B-42D4EEC26F9C}.Release|x86.ActiveCfg = Release|Win32
		{2101AE23-78A7-492F-967B-42D4EEC26F9C}.Release|x86.Build.0 = Release|Win32
	EndGlobalSection
	GlobalSection(SolutionProperties) = preSolution
		HideSolutionNode = FALSE
	EndGlobalSection
	GlobalSection(ExtensibilityGlobals) = postSolution
		SolutionGuid = {650B516E-844B-4595-B809-701FFCB809D8}
	EndGlobalSection
EndGlobal
