
Microsoft Visual Studio Solution File, Format Version 12.00
# Visual Studio Version 16
VisualStudioVersion = 16.0.31727.386
MinimumVisualStudioVersion = 10.0.40219.1
Project("{8BC9CEB8-8B4A-11D0-8D11-00A0C91BC942}") = "22_10_21_zadanie", "22_10_21_zadanie\22_10_21_zadanie.vcxproj", "{853010A1-24CB-46B6-BB23-0C90B396EB37}"
EndProject
Global
	GlobalSection(SolutionConfigurationPlatforms) = preSolution
		Debug|x64 = Debug|x64
		Debug|x86 = Debug|x86
		Release|x64 = Release|x64
		Release|x86 = Release|x86
	EndGlobalSection
	GlobalSection(ProjectConfigurationPlatforms) = postSolution
		{853010A1-24CB-46B6-BB23-0C90B396EB37}.Debug|x64.ActiveCfg = Debug|x64
		{853010A1-24CB-46B6-BB23-0C90B396EB37}.Debug|x64.Build.0 = Debug|x64
		{853010A1-24CB-46B6-BB23-0C90B396EB37}.Debug|x86.ActiveCfg = Debug|Win32
		{853010A1-24CB-46B6-BB23-0C90B396EB37}.Debug|x86.Build.0 = Debug|Win32
		{853010A1-24CB-46B6-BB23-0C90B396EB37}.Release|x64.ActiveCfg = Release|x64
		{853010A1-24CB-46B6-BB23-0C90B396EB37}.Release|x64.Build.0 = Release|x64
		{853010A1-24CB-46B6-BB23-0C90B396EB37}.Release|x86.ActiveCfg = Release|Win32
		{853010A1-24CB-46B6-BB23-0C90B396EB37}.Release|x86.Build.0 = Release|Win32
	EndGlobalSection
	GlobalSection(SolutionProperties) = preSolution
		HideSolutionNode = FALSE
	EndGlobalSection
	GlobalSection(ExtensibilityGlobals) = postSolution
		SolutionGuid = {B0985060-5E17-4943-8F3E-83BF0F0BB0CC}
	EndGlobalSection
EndGlobal
